
Microsoft Visual Studio Solution File, Format Version 12.00
# Visual Studio Version 16
VisualStudioVersion = 16.0.32602.291
MinimumVisualStudioVersion = 10.0.40219.1
Project("{2150E333-8FDC-42A3-9474-1A3956D46DE8}") = "src", "src", "{1FCA79EA-4B05-4D64-B482-1917D362E789}"
EndProject
Project("{2150E333-8FDC-42A3-9474-1A3956D46DE8}") = "API REST", "API REST", "{B1192419-66E6-4672-B9C6-688B1C0F444E}"
EndProject
Project("{9A19103F-16F7-4668-BE54-9A1E7A4F7556}") = "InventarioApiJwt", "InventarioApiJwt\InventarioApiJwt.csproj", "{8CBBAB15-F70C-4CEF-A8C8-FECAC70AE4AA}"
EndProject
Project("{2150E333-8FDC-42A3-9474-1A3956D46DE8}") = "Consumindo API REST", "Consumindo API REST", "{92FAA634-499B-49B6-B495-BD98CB6CD945}"
EndProject
Project("{9A19103F-16F7-4668-BE54-9A1E7A4F7556}") = "ConsumindoApiWebApp", "ConsumindoApiWebApp\ConsumindoApiWebApp.csproj", "{221E0F02-1AB5-47A3-BC1D-3CA277CD64E8}"
EndProject
Global
	GlobalSection(SolutionConfigurationPlatforms) = preSolution
		Debug|Any CPU = Debug|Any CPU
		Release|Any CPU = Release|Any CPU
	EndGlobalSection
	GlobalSection(ProjectConfigurationPlatforms) = postSolution
		{8CBBAB15-F70C-4CEF-A8C8-FECAC70AE4AA}.Debug|Any CPU.ActiveCfg = Debug|Any CPU
		{8CBBAB15-F70C-4CEF-A8C8-FECAC70AE4AA}.Debug|Any CPU.Build.0 = Debug|Any CPU
		{8CBBAB15-F70C-4CEF-A8C8-FECAC70AE4AA}.Release|Any CPU.ActiveCfg = Release|Any CPU
		{8CBBAB15-F70C-4CEF-A8C8-FECAC70AE4AA}.Release|Any CPU.Build.0 = Release|Any CPU
		{221E0F02-1AB5-47A3-BC1D-3CA277CD64E8}.Debug|Any CPU.ActiveCfg = Debug|Any CPU
		{221E0F02-1AB5-47A3-BC1D-3CA277CD64E8}.Debug|Any CPU.Build.0 = Debug|Any CPU
		{221E0F02-1AB5-47A3-BC1D-3CA277CD64E8}.Release|Any CPU.ActiveCfg = Release|Any CPU
		{221E0F02-1AB5-47A3-BC1D-3CA277CD64E8}.Release|Any CPU.Build.0 = Release|Any CPU
	EndGlobalSection
	GlobalSection(SolutionProperties) = preSolution
		HideSolutionNode = FALSE
	EndGlobalSection
	GlobalSection(NestedProjects) = preSolution
		{B1192419-66E6-4672-B9C6-688B1C0F444E} = {1FCA79EA-4B05-4D64-B482-1917D362E789}
		{8CBBAB15-F70C-4CEF-A8C8-FECAC70AE4AA} = {B1192419-66E6-4672-B9C6-688B1C0F444E}
		{92FAA634-499B-49B6-B495-BD98CB6CD945} = {1FCA79EA-4B05-4D64-B482-1917D362E789}
		{221E0F02-1AB5-47A3-BC1D-3CA277CD64E8} = {92FAA634-499B-49B6-B495-BD98CB6CD945}
	EndGlobalSection
	GlobalSection(ExtensibilityGlobals) = postSolution
		SolutionGuid = {724D7A1F-AC25-40E8-9EB5-0AFC289AA4FE}
	EndGlobalSection
EndGlobal
